
Microsoft Visual Studio Solution File, Format Version 12.00
# Visual Studio Version 17
VisualStudioVersion = 17.11.35312.102
MinimumVisualStudioVersion = 10.0.40219.1
Project("{FAE04EC0-301F-11D3-BF4B-00C04F79EFBC}") = "hastane_otomasyon", "hastane_otomasyon.csproj", "{44696F8A-3F5B-4E1B-ADF2-3F6ACD05E9A0}"
EndProject
Global
	GlobalSection(SolutionConfigurationPlatforms) = preSolution
		Debug|Any CPU = Debug|Any CPU
		Release|Any CPU = Release|Any CPU
	EndGlobalSection
	GlobalSection(ProjectConfigurationPlatforms) = postSolution
		{44696F8A-3F5B-4E1B-ADF2-3F6ACD05E9A0}.Debug|Any CPU.ActiveCfg = Debug|Any CPU
		{44696F8A-3F5B-4E1B-ADF2-3F6ACD05E9A0}.Debug|Any CPU.Build.0 = Debug|Any CPU
		{44696F8A-3F5B-4E1B-ADF2-3F6ACD05E9A0}.Release|Any CPU.ActiveCfg = Release|Any CPU
		{44696F8A-3F5B-4E1B-ADF2-3F6ACD05E9A0}.Release|Any CPU.Build.0 = Release|Any CPU
	EndGlobalSection
	GlobalSection(SolutionProperties) = preSolution
		HideSolutionNode = FALSE
	EndGlobalSection
	GlobalSection(ExtensibilityGlobals) = postSolution
		SolutionGuid = {B2B25D53-AEE4-45FA-A309-E8627415D032}
	EndGlobalSection
EndGlobal
